
Microsoft Visual Studio Solution File, Format Version 12.00
# Visual Studio Version 17
VisualStudioVersion = 17.14.36429.23
MinimumVisualStudioVersion = 10.0.40219.1
Project("{FAE04EC0-301F-11D3-BF4B-00C04F79EFBC}") = "Yamore.API", "Yamore.API\Yamore.API.csproj", "{77019C2D-EA42-4E26-9218-4EBFBD932ADF}"
EndProject
Project("{FAE04EC0-301F-11D3-BF4B-00C04F79EFBC}") = "Yamore.Model", "Yamore.Model\Yamore.Model.csproj", "{6F8BFA23-70F5-42E9-BDCD-81CDAA18A117}"
EndProject
Project("{FAE04EC0-301F-11D3-BF4B-00C04F79EFBC}") = "Yamore.Services", "Yamore.Services\Yamore.Services.csproj", "{C561A1D1-211E-43B1-98A2-8181F2DEBFED}"
EndProject
Global
	GlobalSection(SolutionConfigurationPlatforms) = preSolution
		Debug|Any CPU = Debug|Any CPU
		Release|Any CPU = Release|Any CPU
	EndGlobalSection
	GlobalSection(ProjectConfigurationPlatforms) = postSolution
		{77019C2D-EA42-4E26-9218-4EBFBD932ADF}.Debug|Any CPU.ActiveCfg = Debug|Any CPU
		{77019C2D-EA42-4E26-9218-4EBFBD932ADF}.Debug|Any CPU.Build.0 = Debug|Any CPU
		{77019C2D-EA42-4E26-9218-4EBFBD932ADF}.Release|Any CPU.ActiveCfg = Release|Any CPU
		{77019C2D-EA42-4E26-9218-4EBFBD932ADF}.Release|Any CPU.Build.0 = Release|Any CPU
		{6F8BFA23-70F5-42E9-BDCD-81CDAA18A117}.Debug|Any CPU.ActiveCfg = Debug|Any CPU
		{6F8BFA23-70F5-42E9-BDCD-81CDAA18A117}.Debug|Any CPU.Build.0 = Debug|Any CPU
		{6F8BFA23-70F5-42E9-BDCD-81CDAA18A117}.Release|Any CPU.ActiveCfg = Release|Any CPU
		{6F8BFA23-70F5-42E9-BDCD-81CDAA18A117}.Release|Any CPU.Build.0 = Release|Any CPU
		{C561A1D1-211E-43B1-98A2-8181F2DEBFED}.Debug|Any CPU.ActiveCfg = Debug|Any CPU
		{C561A1D1-211E-43B1-98A2-8181F2DEBFED}.Debug|Any CPU.Build.0 = Debug|Any CPU
		{C561A1D1-211E-43B1-98A2-8181F2DEBFED}.Release|Any CPU.ActiveCfg = Release|Any CPU
		{C561A1D1-211E-43B1-98A2-8181F2DEBFED}.Release|Any CPU.Build.0 = Release|Any CPU
	EndGlobalSection
	GlobalSection(SolutionProperties) = preSolution
		HideSolutionNode = FALSE
	EndGlobalSection
	GlobalSection(ExtensibilityGlobals) = postSolution
		SolutionGuid = {C02AEF92-D065-4A08-A4B0-505379E6FB36}
	EndGlobalSection
EndGlobal
